
Microsoft Visual Studio Solution File, Format Version 12.00
# Visual Studio Version 17
VisualStudioVersion = 17.7.34031.279
MinimumVisualStudioVersion = 10.0.40219.1
Project("{2150E333-8FDC-42A3-9474-1A3956D46DE8}") = "01", "01", "{DA4D2FC8-2540-45C4-95D2-FCD13DDDE328}"
EndProject
Project("{2150E333-8FDC-42A3-9474-1A3956D46DE8}") = "02", "02", "{CA4A9CC2-582F-404C-AEBD-B84B619C1598}"
EndProject
Project("{2150E333-8FDC-42A3-9474-1A3956D46DE8}") = "03", "03", "{014F7310-ADC4-422A-8B90-3BFA9A3FADB6}"
EndProject
Project("{2150E333-8FDC-42A3-9474-1A3956D46DE8}") = "04", "04", "{4044DFB2-DD3C-4646-97FA-1F04071A5655}"
EndProject
Project("{9A19103F-16F7-4668-BE54-9A1E7A4F7556}") = "Trebuchet", "01\Trebuchet\Trebuchet.csproj", "{6E7FFC5E-3ADB-479D-99A1-57DFA05243B5}"
EndProject
Project("{9A19103F-16F7-4668-BE54-9A1E7A4F7556}") = "Trebuchet.Test", "01\Trebuchet.Test\Trebuchet.Test.csproj", "{7617008A-3EA0-40E9-B259-AB396F6CA751}"
EndProject
Project("{FAE04EC0-301F-11D3-BF4B-00C04F79EFBC}") = "Utils", "Utils\Utils.csproj", "{B64944C3-8DF8-4AA4-A95A-CE988D1AF9E5}"
EndProject
Project("{9A19103F-16F7-4668-BE54-9A1E7A4F7556}") = "CubeConundrum", "02\CubeConundrum\CubeConundrum.csproj", "{13580732-51E3-4BE2-8A57-F21235DA99BC}"
EndProject
Project("{9A19103F-16F7-4668-BE54-9A1E7A4F7556}") = "CubeConundrum.Test", "02\CubeConundrum.Test\CubeConundrum.Test.csproj", "{16D0D991-FFC0-4C56-9B2F-F8ACE4ECD940}"
EndProject
Project("{9A19103F-16F7-4668-BE54-9A1E7A4F7556}") = "GearRatios", "03\GearRatios\GearRatios.csproj", "{56F2DFF7-1624-4FB7-93EB-8554FF136E31}"
EndProject
Project("{9A19103F-16F7-4668-BE54-9A1E7A4F7556}") = "GearRatios.Test", "03\GearRatios.Test\GearRatios.Test.csproj", "{0E57ADDE-8C54-44C0-9836-EA07736CF4A5}"
EndProject
Project("{9A19103F-16F7-4668-BE54-9A1E7A4F7556}") = "Scratchcards", "04\Scratchcards\Scratchcards.csproj", "{73ACA218-B029-43EE-8A2F-93BFBD211A72}"
EndProject
Global
	GlobalSection(SolutionConfigurationPlatforms) = preSolution
		Debug|Any CPU = Debug|Any CPU
		Release|Any CPU = Release|Any CPU
	EndGlobalSection
	GlobalSection(ProjectConfigurationPlatforms) = postSolution
		{6E7FFC5E-3ADB-479D-99A1-57DFA05243B5}.Debug|Any CPU.ActiveCfg = Debug|Any CPU
		{6E7FFC5E-3ADB-479D-99A1-57DFA05243B5}.Debug|Any CPU.Build.0 = Debug|Any CPU
		{6E7FFC5E-3ADB-479D-99A1-57DFA05243B5}.Release|Any CPU.ActiveCfg = Release|Any CPU
		{6E7FFC5E-3ADB-479D-99A1-57DFA05243B5}.Release|Any CPU.Build.0 = Release|Any CPU
		{7617008A-3EA0-40E9-B259-AB396F6CA751}.Debug|Any CPU.ActiveCfg = Debug|Any CPU
		{7617008A-3EA0-40E9-B259-AB396F6CA751}.Debug|Any CPU.Build.0 = Debug|Any CPU
		{7617008A-3EA0-40E9-B259-AB396F6CA751}.Release|Any CPU.ActiveCfg = Release|Any CPU
		{7617008A-3EA0-40E9-B259-AB396F6CA751}.Release|Any CPU.Build.0 = Release|Any CPU
		{B64944C3-8DF8-4AA4-A95A-CE988D1AF9E5}.Debug|Any CPU.ActiveCfg = Debug|Any CPU
		{B64944C3-8DF8-4AA4-A95A-CE988D1AF9E5}.Debug|Any CPU.Build.0 = Debug|Any CPU
		{B64944C3-8DF8-4AA4-A95A-CE988D1AF9E5}.Release|Any CPU.ActiveCfg = Release|Any CPU
		{B64944C3-8DF8-4AA4-A95A-CE988D1AF9E5}.Release|Any CPU.Build.0 = Release|Any CPU
		{13580732-51E3-4BE2-8A57-F21235DA99BC}.Debug|Any CPU.ActiveCfg = Debug|Any CPU
		{13580732-51E3-4BE2-8A57-F21235DA99BC}.Debug|Any CPU.Build.0 = Debug|Any CPU
		{13580732-51E3-4BE2-8A57-F21235DA99BC}.Release|Any CPU.ActiveCfg = Release|Any CPU
		{13580732-51E3-4BE2-8A57-F21235DA99BC}.Release|Any CPU.Build.0 = Release|Any CPU
		{16D0D991-FFC0-4C56-9B2F-F8ACE4ECD940}.Debug|Any CPU.ActiveCfg = Debug|Any CPU
		{16D0D991-FFC0-4C56-9B2F-F8ACE4ECD940}.Debug|Any CPU.Build.0 = Debug|Any CPU
		{16D0D991-FFC0-4C56-9B2F-F8ACE4ECD940}.Release|Any CPU.ActiveCfg = Release|Any CPU
		{16D0D991-FFC0-4C56-9B2F-F8ACE4ECD940}.Release|Any CPU.Build.0 = Release|Any CPU
		{56F2DFF7-1624-4FB7-93EB-8554FF136E31}.Debug|Any CPU.ActiveCfg = Debug|Any CPU
		{56F2DFF7-1624-4FB7-93EB-8554FF136E31}.Debug|Any CPU.Build.0 = Debug|Any CPU
		{56F2DFF7-1624-4FB7-93EB-8554FF136E31}.Release|Any CPU.ActiveCfg = Release|Any CPU
		{56F2DFF7-1624-4FB7-93EB-8554FF136E31}.Release|Any CPU.Build.0 = Release|Any CPU
		{0E57ADDE-8C54-44C0-9836-EA07736CF4A5}.Debug|Any CPU.ActiveCfg = Debug|Any CPU
		{0E57ADDE-8C54-44C0-9836-EA07736CF4A5}.Debug|Any CPU.Build.0 = Debug|Any CPU
		{0E57ADDE-8C54-44C0-9836-EA07736CF4A5}.Release|Any CPU.ActiveCfg = Release|Any CPU
		{0E57ADDE-8C54-44C0-9836-EA07736CF4A5}.Release|Any CPU.Build.0 = Release|Any CPU
		{73ACA218-B029-43EE-8A2F-93BFBD211A72}.Debug|Any CPU.ActiveCfg = Debug|Any CPU
		{73ACA218-B029-43EE-8A2F-93BFBD211A72}.Debug|Any CPU.Build.0 = Debug|Any CPU
		{73ACA218-B029-43EE-8A2F-93BFBD211A72}.Release|Any CPU.ActiveCfg = Release|Any CPU
		{73ACA218-B029-43EE-8A2F-93BFBD211A72}.Release|Any CPU.Build.0 = Release|Any CPU
	EndGlobalSection
	GlobalSection(SolutionProperties) = preSolution
		HideSolutionNode = FALSE
	EndGlobalSection
	GlobalSection(NestedProjects) = preSolution
		{6E7FFC5E-3ADB-479D-99A1-57DFA05243B5} = {DA4D2FC8-2540-45C4-95D2-FCD13DDDE328}
		{7617008A-3EA0-40E9-B259-AB396F6CA751} = {DA4D2FC8-2540-45C4-95D2-FCD13DDDE328}
		{13580732-51E3-4BE2-8A57-F21235DA99BC} = {CA4A9CC2-582F-404C-AEBD-B84B619C1598}
		{16D0D991-FFC0-4C56-9B2F-F8ACE4ECD940} = {CA4A9CC2-582F-404C-AEBD-B84B619C1598}
		{56F2DFF7-1624-4FB7-93EB-8554FF136E31} = {014F7310-ADC4-422A-8B90-3BFA9A3FADB6}
		{0E57ADDE-8C54-44C0-9836-EA07736CF4A5} = {014F7310-ADC4-422A-8B90-3BFA9A3FADB6}
		{73ACA218-B029-43EE-8A2F-93BFBD211A72} = {4044DFB2-DD3C-4646-97FA-1F04071A5655}
	EndGlobalSection
	GlobalSection(ExtensibilityGlobals) = postSolution
		SolutionGuid = {1DA105E1-57F5-413F-B2B3-8B992BFEF6FD}
	EndGlobalSection
EndGlobal
