
Microsoft Visual Studio Solution File, Format Version 12.00
# Visual Studio Version 17
VisualStudioVersion = 17.7.34031.279
MinimumVisualStudioVersion = 10.0.40219.1
Project("{FAE04EC0-301F-11D3-BF4B-00C04F79EFBC}") = "GearRatios", "GearRatios.csproj", "{9CBF7DC1-2F33-4850-B12E-570F29DB6994}"
EndProject
Project("{FAE04EC0-301F-11D3-BF4B-00C04F79EFBC}") = "GearRatios.Test", "..\GearRatios.Test\GearRatios.Test.csproj", "{0EAA0511-8A06-4081-9C9E-127EABCB739A}"
EndProject
Global
	GlobalSection(SolutionConfigurationPlatforms) = preSolution
		Debug|Any CPU = Debug|Any CPU
		Release|Any CPU = Release|Any CPU
	EndGlobalSection
	GlobalSection(ProjectConfigurationPlatforms) = postSolution
		{9CBF7DC1-2F33-4850-B12E-570F29DB6994}.Debug|Any CPU.ActiveCfg = Debug|Any CPU
		{9CBF7DC1-2F33-4850-B12E-570F29DB6994}.Debug|Any CPU.Build.0 = Debug|Any CPU
		{9CBF7DC1-2F33-4850-B12E-570F29DB6994}.Release|Any CPU.ActiveCfg = Release|Any CPU
		{9CBF7DC1-2F33-4850-B12E-570F29DB6994}.Release|Any CPU.Build.0 = Release|Any CPU
		{0EAA0511-8A06-4081-9C9E-127EABCB739A}.Debug|Any CPU.ActiveCfg = Debug|Any CPU
		{0EAA0511-8A06-4081-9C9E-127EABCB739A}.Debug|Any CPU.Build.0 = Debug|Any CPU
		{0EAA0511-8A06-4081-9C9E-127EABCB739A}.Release|Any CPU.ActiveCfg = Release|Any CPU
		{0EAA0511-8A06-4081-9C9E-127EABCB739A}.Release|Any CPU.Build.0 = Release|Any CPU
	EndGlobalSection
	GlobalSection(SolutionProperties) = preSolution
		HideSolutionNode = FALSE
	EndGlobalSection
	GlobalSection(ExtensibilityGlobals) = postSolution
		SolutionGuid = {FA45D593-57F3-47A3-A854-12B87D8DC66D}
	EndGlobalSection
EndGlobal
