
Microsoft Visual Studio Solution File, Format Version 12.00
# Visual Studio Version 17
VisualStudioVersion = 17.7.34031.279
MinimumVisualStudioVersion = 10.0.40219.1
Project("{FAE04EC0-301F-11D3-BF4B-00C04F79EFBC}") = "CubeConundrum", "CubeConundrum.csproj", "{F29B1A02-0FCA-41DC-AE7D-52F9EAFD7CE9}"
EndProject
Project("{FAE04EC0-301F-11D3-BF4B-00C04F79EFBC}") = "CubeConundrum.Test", "..\CubeConundrum.Test\CubeConundrum.Test.csproj", "{F265C824-C404-4639-8FFF-BF70063887D0}"
EndProject
Global
	GlobalSection(SolutionConfigurationPlatforms) = preSolution
		Debug|Any CPU = Debug|Any CPU
		Release|Any CPU = Release|Any CPU
	EndGlobalSection
	GlobalSection(ProjectConfigurationPlatforms) = postSolution
		{F29B1A02-0FCA-41DC-AE7D-52F9EAFD7CE9}.Debug|Any CPU.ActiveCfg = Debug|Any CPU
		{F29B1A02-0FCA-41DC-AE7D-52F9EAFD7CE9}.Debug|Any CPU.Build.0 = Debug|Any CPU
		{F29B1A02-0FCA-41DC-AE7D-52F9EAFD7CE9}.Release|Any CPU.ActiveCfg = Release|Any CPU
		{F29B1A02-0FCA-41DC-AE7D-52F9EAFD7CE9}.Release|Any CPU.Build.0 = Release|Any CPU
		{F265C824-C404-4639-8FFF-BF70063887D0}.Debug|Any CPU.ActiveCfg = Debug|Any CPU
		{F265C824-C404-4639-8FFF-BF70063887D0}.Debug|Any CPU.Build.0 = Debug|Any CPU
		{F265C824-C404-4639-8FFF-BF70063887D0}.Release|Any CPU.ActiveCfg = Release|Any CPU
		{F265C824-C404-4639-8FFF-BF70063887D0}.Release|Any CPU.Build.0 = Release|Any CPU
	EndGlobalSection
	GlobalSection(SolutionProperties) = preSolution
		HideSolutionNode = FALSE
	EndGlobalSection
	GlobalSection(ExtensibilityGlobals) = postSolution
		SolutionGuid = {E2CEE3DF-2350-4CC7-B2BB-E9D740A60D7C}
	EndGlobalSection
EndGlobal
